
Microsoft Visual Studio Solution File, Format Version 12.00
Project("{FAE04EC0-301F-11D3-BF4B-00C04F79EFBC}") = "Hrimsoft.StringCases", "Hrimsoft.StringCases\Hrimsoft.StringCases.csproj", "{53C692C0-91ED-4D9C-B757-468AC87B46E2}"
EndProject
Project("{FAE04EC0-301F-11D3-BF4B-00C04F79EFBC}") = "Hrimsoft.StringCases.Tests", "Hrimsoft.StringCases.Tests\Hrimsoft.StringCases.Tests.csproj", "{F19DC8F8-3835-4AB8-9123-FAC07EC8DDB1}"
EndProject
Global
	GlobalSection(SolutionConfigurationPlatforms) = preSolution
		Debug|Any CPU = Debug|Any CPU
		Release|Any CPU = Release|Any CPU
	EndGlobalSection
	GlobalSection(ProjectConfigurationPlatforms) = postSolution
		{53C692C0-91ED-4D9C-B757-468AC87B46E2}.Debug|Any CPU.ActiveCfg = Debug|Any CPU
		{53C692C0-91ED-4D9C-B757-468AC87B46E2}.Debug|Any CPU.Build.0 = Debug|Any CPU
		{53C692C0-91ED-4D9C-B757-468AC87B46E2}.Release|Any CPU.ActiveCfg = Release|Any CPU
		{53C692C0-91ED-4D9C-B757-468AC87B46E2}.Release|Any CPU.Build.0 = Release|Any CPU
		{F19DC8F8-3835-4AB8-9123-FAC07EC8DDB1}.Debug|Any CPU.ActiveCfg = Debug|Any CPU
		{F19DC8F8-3835-4AB8-9123-FAC07EC8DDB1}.Debug|Any CPU.Build.0 = Debug|Any CPU
		{F19DC8F8-3835-4AB8-9123-FAC07EC8DDB1}.Release|Any CPU.ActiveCfg = Release|Any CPU
		{F19DC8F8-3835-4AB8-9123-FAC07EC8DDB1}.Release|Any CPU.Build.0 = Release|Any CPU
	EndGlobalSection
EndGlobal
